
Microsoft Visual Studio Solution File, Format Version 12.00
# Visual Studio 15
VisualStudioVersion = 15.0.28307.572
MinimumVisualStudioVersion = 10.0.40219.1
Project("{9A19103F-16F7-4668-BE54-9A1E7A4F7556}") = "TrainingPortal", "TrainingPortal\TrainingPortal.csproj", "{B289D0A3-B46A-4A0B-83A6-6167D90094F3}"
EndProject
Project("{9A19103F-16F7-4668-BE54-9A1E7A4F7556}") = "DataAccessLayer", "DataAccessLayer\DataAccessLayer.csproj", "{F0B3E310-4565-421C-82FB-A36B1A20CECF}"
EndProject
Project("{FAE04EC0-301F-11D3-BF4B-00C04F79EFBC}") = "BusinessLogic", "BusinessLogic\BusinessLogic.csproj", "{FB5412C2-1041-42F9-9460-5CEBD78A8E15}"
EndProject
Global
	GlobalSection(SolutionConfigurationPlatforms) = preSolution
		Debug|Any CPU = Debug|Any CPU
		Release|Any CPU = Release|Any CPU
	EndGlobalSection
	GlobalSection(ProjectConfigurationPlatforms) = postSolution
		{B289D0A3-B46A-4A0B-83A6-6167D90094F3}.Debug|Any CPU.ActiveCfg = Debug|Any CPU
		{B289D0A3-B46A-4A0B-83A6-6167D90094F3}.Debug|Any CPU.Build.0 = Debug|Any CPU
		{B289D0A3-B46A-4A0B-83A6-6167D90094F3}.Release|Any CPU.ActiveCfg = Release|Any CPU
		{B289D0A3-B46A-4A0B-83A6-6167D90094F3}.Release|Any CPU.Build.0 = Release|Any CPU
		{F0B3E310-4565-421C-82FB-A36B1A20CECF}.Debug|Any CPU.ActiveCfg = Debug|Any CPU
		{F0B3E310-4565-421C-82FB-A36B1A20CECF}.Debug|Any CPU.Build.0 = Debug|Any CPU
		{F0B3E310-4565-421C-82FB-A36B1A20CECF}.Release|Any CPU.ActiveCfg = Release|Any CPU
		{F0B3E310-4565-421C-82FB-A36B1A20CECF}.Release|Any CPU.Build.0 = Release|Any CPU
		{FB5412C2-1041-42F9-9460-5CEBD78A8E15}.Debug|Any CPU.ActiveCfg = Debug|Any CPU
		{FB5412C2-1041-42F9-9460-5CEBD78A8E15}.Debug|Any CPU.Build.0 = Debug|Any CPU
		{FB5412C2-1041-42F9-9460-5CEBD78A8E15}.Release|Any CPU.ActiveCfg = Release|Any CPU
		{FB5412C2-1041-42F9-9460-5CEBD78A8E15}.Release|Any CPU.Build.0 = Release|Any CPU
	EndGlobalSection
	GlobalSection(SolutionProperties) = preSolution
		HideSolutionNode = FALSE
	EndGlobalSection
	GlobalSection(ExtensibilityGlobals) = postSolution
		SolutionGuid = {14A17C01-238E-43C0-9397-9766CF5C7FB4}
	EndGlobalSection
EndGlobal
